// !$*UTF8*$!
{
	archiveVersion = 1;
	classes = {
	};
	objectVersion = 45;
	objects = {

/* Begin PBXBuildFile section */
		D425BB5D1796CF4000540499 /* Cocoa.framework in Frameworks */ = {isa = PBXBuildFile; fileRef = D425BB5C1796CF4000540499 /* Cocoa.framework */; };
		D47C107619A0AC2D004063F4 /* libruby.2.2.0.dylib in Frameworks */ = {isa = PBXBuildFile; fileRef = D47C107519A0AC2D004063F4 /* libruby.2.2.0.dylib */; };
		D47C10B019A0AF96004063F4 /* libruby.2.2.0.dylib in CopyFiles */ = {isa = PBXBuildFile; fileRef = D47C107519A0AC2D004063F4 /* libruby.2.2.0.dylib */; };
		D4EF91841797495A00ACB192 /* lib in Resources */ = {isa = PBXBuildFile; fileRef = D4EF91831797495A00ACB192 /* lib */; };
		D4EF918617974AFC00ACB192 /* Ruby.icns in Resources */ = {isa = PBXBuildFile; fileRef = D4EF918517974AFC00ACB192 /* Ruby.icns */; };
		D4EF918917974B5800ACB192 /* main.m in Sources */ = {isa = PBXBuildFile; fileRef = D4EF918717974B5800ACB192 /* main.m */; };
		D4EF918A17974B5800ACB192 /* main.rb in Resources */ = {isa = PBXBuildFile; fileRef = D4EF918817974B5800ACB192 /* main.rb */; };
/* End PBXBuildFile section */

/* Begin PBXCopyFilesBuildPhase section */
		D4EF91811797473C00ACB192 /* CopyFiles */ = {
			isa = PBXCopyFilesBuildPhase;
			buildActionMask = 2147483647;
			dstPath = "";
			dstSubfolderSpec = 10;
			files = (
				D47C10B019A0AF96004063F4 /* libruby.2.2.0.dylib in CopyFiles */,
			);
			runOnlyForDeploymentPostprocessing = 0;
		};
/* End PBXCopyFilesBuildPhase section */

/* Begin PBXFileReference section */
		D425BB591796CF4000540499 /* Ruby.app */ = {isa = PBXFileReference; explicitFileType = wrapper.application; includeInIndex = 0; path = Ruby.app; sourceTree = BUILT_PRODUCTS_DIR; };
		D425BB5C1796CF4000540499 /* Cocoa.framework */ = {isa = PBXFileReference; lastKnownFileType = wrapper.framework; name = Cocoa.framework; path = System/Library/Frameworks/Cocoa.framework; sourceTree = SDKROOT; };
		D425BB5F1796CF4000540499 /* AppKit.framework */ = {isa = PBXFileReference; lastKnownFileType = wrapper.framework; name = AppKit.framework; path = System/Library/Frameworks/AppKit.framework; sourceTree = SDKROOT; };
		D425BB601796CF4000540499 /* CoreData.framework */ = {isa = PBXFileReference; lastKnownFileType = wrapper.framework; name = CoreData.framework; path = System/Library/Frameworks/CoreData.framework; sourceTree = SDKROOT; };
		D425BB611796CF4000540499 /* Foundation.framework */ = {isa = PBXFileReference; lastKnownFileType = wrapper.framework; name = Foundation.framework; path = System/Library/Frameworks/Foundation.framework; sourceTree = SDKROOT; };
		D47C107519A0AC2D004063F4 /* libruby.2.2.0.dylib */ = {isa = PBXFileReference; lastKnownFileType = "compiled.mach-o.dylib"; name = libruby.2.2.0.dylib; path = UniversalRuby/libruby.2.2.0.dylib; sourceTree = "<group>"; };
		D4EF91831797495A00ACB192 /* lib */ = {isa = PBXFileReference; lastKnownFileType = folder; name = lib; path = UniversalRuby/lib; sourceTree = SOURCE_ROOT; };
		D4EF918517974AFC00ACB192 /* Ruby.icns */ = {isa = PBXFileReference; lastKnownFileType = image.icns; path = Ruby.icns; sourceTree = SOURCE_ROOT; };
		D4EF918717974B5800ACB192 /* main.m */ = {isa = PBXFileReference; fileEncoding = 4; lastKnownFileType = sourcecode.c.objc; path = main.m; sourceTree = SOURCE_ROOT; };
		D4EF918817974B5800ACB192 /* main.rb */ = {isa = PBXFileReference; fileEncoding = 4; lastKnownFileType = text.script.ruby; path = main.rb; sourceTree = SOURCE_ROOT; };
		D4EF918E17976ABA00ACB192 /* Info.plist */ = {isa = PBXFileReference; fileEncoding = 4; lastKnownFileType = text.plist.xml; path = Info.plist; sourceTree = SOURCE_ROOT; };
/* End PBXFileReference section */

/* Begin PBXFrameworksBuildPhase section */
		D425BB561796CF4000540499 /* Frameworks */ = {
			isa = PBXFrameworksBuildPhase;
			buildActionMask = 2147483647;
			files = (
				D425BB5D1796CF4000540499 /* Cocoa.framework in Frameworks */,
				D47C107619A0AC2D004063F4 /* libruby.2.2.0.dylib in Frameworks */,
			);
			runOnlyForDeploymentPostprocessing = 0;
		};
/* End PBXFrameworksBuildPhase section */

/* Begin PBXGroup section */
		D425BB501796CF4000540499 = {
			isa = PBXGroup;
			children = (
				D425BB621796CF4000540499 /* ruby_app */,
				D425BB5B1796CF4000540499 /* Frameworks */,
				D425BB5A1796CF4000540499 /* Products */,
			);
			sourceTree = "<group>";
		};
		D425BB5A1796CF4000540499 /* Products */ = {
			isa = PBXGroup;
			children = (
				D425BB591796CF4000540499 /* Ruby.app */,
			);
			name = Products;
			sourceTree = "<group>";
		};
		D425BB5B1796CF4000540499 /* Frameworks */ = {
			isa = PBXGroup;
			children = (
				D425BB5C1796CF4000540499 /* Cocoa.framework */,
				D425BB5E1796CF4000540499 /* Other Frameworks */,
			);
			name = Frameworks;
			sourceTree = "<group>";
		};
		D425BB5E1796CF4000540499 /* Other Frameworks */ = {
			isa = PBXGroup;
			children = (
				D425BB5F1796CF4000540499 /* AppKit.framework */,
				D425BB601796CF4000540499 /* CoreData.framework */,
				D425BB611796CF4000540499 /* Foundation.framework */,
			);
			name = "Other Frameworks";
			sourceTree = "<group>";
		};
		D425BB621796CF4000540499 /* ruby_app */ = {
			isa = PBXGroup;
			children = (
				D4EF918E17976ABA00ACB192 /* Info.plist */,
				D4EF91831797495A00ACB192 /* lib */,
				D47C107519A0AC2D004063F4 /* libruby.2.2.0.dylib */,
				D4EF918717974B5800ACB192 /* main.m */,
				D4EF918817974B5800ACB192 /* main.rb */,
				D4EF918517974AFC00ACB192 /* Ruby.icns */,
			);
			name = ruby_app;
			sourceTree = "<group>";
		};
/* End PBXGroup section */

/* Begin PBXNativeTarget section */
		D425BB581796CF4000540499 /* Ruby */ = {
			isa = PBXNativeTarget;
			buildConfigurationList = D425BB761796CF4100540499 /* Build configuration list for PBXNativeTarget "Ruby" */;
			buildPhases = (
				D425BB551796CF4000540499 /* Sources */,
				D425BB561796CF4000540499 /* Frameworks */,
				D425BB571796CF4000540499 /* Resources */,
				D4EF91811797473C00ACB192 /* CopyFiles */,
			);
			buildRules = (
			);
			dependencies = (
			);
			name = Ruby;
			productName = Ruby;
			productReference = D425BB591796CF4000540499 /* Ruby.app */;
			productType = "com.apple.product-type.application";
		};
/* End PBXNativeTarget section */

/* Begin PBXProject section */
		D425BB511796CF4000540499 /* Project object */ = {
			isa = PBXProject;
			attributes = {
				LastUpgradeCheck = 0460;
				ORGANIZATIONNAME = "Julian Raschke";
			};
			buildConfigurationList = D425BB541796CF4000540499 /* Build configuration list for PBXProject "Ruby" */;
			compatibilityVersion = "Xcode 3.1";
			developmentRegion = English;
			hasScannedForEncodings = 0;
			knownRegions = (
				en,
			);
			mainGroup = D425BB501796CF4000540499;
			productRefGroup = D425BB5A1796CF4000540499 /* Products */;
			projectDirPath = "";
			projectRoot = "";
			targets = (
				D425BB581796CF4000540499 /* Ruby */,
			);
		};
/* End PBXProject section */

/* Begin PBXResourcesBuildPhase section */
		D425BB571796CF4000540499 /* Resources */ = {
			isa = PBXResourcesBuildPhase;
			buildActionMask = 2147483647;
			files = (
				D4EF91841797495A00ACB192 /* lib in Resources */,
				D4EF918617974AFC00ACB192 /* Ruby.icns in Resources */,
				D4EF918A17974B5800ACB192 /* main.rb in Resources */,
			);
			runOnlyForDeploymentPostprocessing = 0;
		};
/* End PBXResourcesBuildPhase section */

/* Begin PBXSourcesBuildPhase section */
		D425BB551796CF4000540499 /* Sources */ = {
			isa = PBXSourcesBuildPhase;
			buildActionMask = 2147483647;
			files = (
				D4EF918917974B5800ACB192 /* main.m in Sources */,
			);
			runOnlyForDeploymentPostprocessing = 0;
		};
/* End PBXSourcesBuildPhase section */

/* Begin XCBuildConfiguration section */
		D425BB741796CF4100540499 /* Debug */ = {
			isa = XCBuildConfiguration;
			buildSettings = {
				ALWAYS_SEARCH_USER_PATHS = NO;
				ARCHS = (
					x86_64,
					i386,
					ppc,
				);
				COPY_PHASE_STRIP = NO;
				GCC_DYNAMIC_NO_PIC = NO;
				GCC_ENABLE_OBJC_EXCEPTIONS = YES;
				GCC_OPTIMIZATION_LEVEL = 0;
				GCC_PREPROCESSOR_DEFINITIONS = (
					"DEBUG=1",
					"$(inherited)",
				);
				GCC_SYMBOLS_PRIVATE_EXTERN = NO;
				HEADER_SEARCH_PATHS = (
					UniversalRuby/include,
					"UniversalRuby/include/$(arch)",
				);
				MACOSX_DEPLOYMENT_TARGET = 10.5;
				ONLY_ACTIVE_ARCH = YES;
				SDKROOT = macosx10.5;
			};
			name = Debug;
		};
		D425BB751796CF4100540499 /* Release */ = {
			isa = XCBuildConfiguration;
			buildSettings = {
				ALWAYS_SEARCH_USER_PATHS = NO;
				ARCHS = "$(ARCHS_STANDARD_64_BIT)";
				COPY_PHASE_STRIP = NO;
				GCC_ENABLE_OBJC_EXCEPTIONS = YES;
				HEADER_SEARCH_PATHS = (
					UniversalRuby/include,
					"UniversalRuby/include/$(arch)",
				);
				MACOSX_DEPLOYMENT_TARGET = 10.5;
				SDKROOT = macosx10.5;
			};
			name = Release;
		};
		D425BB771796CF4100540499 /* Debug */ = {
			isa = XCBuildConfiguration;
			buildSettings = {
				CONFIGURATION_BUILD_DIR = .;
				INFOPLIST_FILE = Info.plist;
				LIBRARY_SEARCH_PATHS = (
					"$(inherited)",
					"\"$(SRCROOT)/UniversalRuby\"",
				);
				PRODUCT_NAME = "$(TARGET_NAME)";
			};
			name = Debug;
		};
		D425BB781796CF4100540499 /* Release */ = {
			isa = XCBuildConfiguration;
			buildSettings = {
				CONFIGURATION_BUILD_DIR = .;
				INFOPLIST_FILE = Info.plist;
				LIBRARY_SEARCH_PATHS = (
					"$(inherited)",
					"\"$(SRCROOT)/UniversalRuby\"",
				);
				PRODUCT_NAME = "$(TARGET_NAME)";
			};
			name = Release;
		};
/* End XCBuildConfiguration section */

/* Begin XCConfigurationList section */
		D425BB541796CF4000540499 /* Build configuration list for PBXProject "Ruby" */ = {
			isa = XCConfigurationList;
			buildConfigurations = (
				D425BB741796CF4100540499 /* Debug */,
				D425BB751796CF4100540499 /* Release */,
			);
			defaultConfigurationIsVisible = 0;
			defaultConfigurationName = Release;
		};
		D425BB761796CF4100540499 /* Build configuration list for PBXNativeTarget "Ruby" */ = {
			isa = XCConfigurationList;
			buildConfigurations = (
				D425BB771796CF4100540499 /* Debug */,
				D425BB781796CF4100540499 /* Release */,
			);
			defaultConfigurationIsVisible = 0;
			defaultConfigurationName = Release;
		};
/* End XCConfigurationList section */
	};
	rootObject = D425BB511796CF4000540499 /* Project object */;
}
